// !$*UTF8*$!
{
	archiveVersion = 1;
	classes = {
	};
	objectVersion = 55;
	objects = {

/* Begin PBXBuildFile section */
		1779F9D8283D5D9D0026DC59 /* BMI.swift in Sources */ = {isa = PBXBuildFile; fileRef = 1779F9D7283D5D9D0026DC59 /* BMI.swift */; };
		17F46947283D4AD0006E6E77 /* AppDelegate.swift in Sources */ = {isa = PBXBuildFile; fileRef = 17F46946283D4AD0006E6E77 /* AppDelegate.swift */; };
		17F46949283D4AD0006E6E77 /* SceneDelegate.swift in Sources */ = {isa = PBXBuildFile; fileRef = 17F46948283D4AD0006E6E77 /* SceneDelegate.swift */; };
		17F4694B283D4AD0006E6E77 /* ViewController.swift in Sources */ = {isa = PBXBuildFile; fileRef = 17F4694A283D4AD0006E6E77 /* ViewController.swift */; };
		17F4694E283D4AD0006E6E77 /* Main.storyboard in Resources */ = {isa = PBXBuildFile; fileRef = 17F4694C283D4AD0006E6E77 /* Main.storyboard */; };
		17F46950283D4AD3006E6E77 /* Assets.xcassets in Resources */ = {isa = PBXBuildFile; fileRef = 17F4694F283D4AD3006E6E77 /* Assets.xcassets */; };
		17F46953283D4AD3006E6E77 /* LaunchScreen.storyboard in Resources */ = {isa = PBXBuildFile; fileRef = 17F46951283D4AD3006E6E77 /* LaunchScreen.storyboard */; };
		17F4695D283D553C006E6E77 /* OutputController.swift in Sources */ = {isa = PBXBuildFile; fileRef = 17F4695C283D553C006E6E77 /* OutputController.swift */; };
/* End PBXBuildFile section */

/* Begin PBXFileReference section */
		1779F9D7283D5D9D0026DC59 /* BMI.swift */ = {isa = PBXFileReference; lastKnownFileType = sourcecode.swift; path = BMI.swift; sourceTree = "<group>"; };
		17F46943283D4AD0006E6E77 /* App3x 7.1 BMI Calculator.app */ = {isa = PBXFileReference; explicitFileType = wrapper.application; includeInIndex = 0; path = "App3x 7.1 BMI Calculator.app"; sourceTree = BUILT_PRODUCTS_DIR; };
		17F46946283D4AD0006E6E77 /* AppDelegate.swift */ = {isa = PBXFileReference; lastKnownFileType = sourcecode.swift; path = AppDelegate.swift; sourceTree = "<group>"; };
		17F46948283D4AD0006E6E77 /* SceneDelegate.swift */ = {isa = PBXFileReference; lastKnownFileType = sourcecode.swift; path = SceneDelegate.swift; sourceTree = "<group>"; };
		17F4694A283D4AD0006E6E77 /* ViewController.swift */ = {isa = PBXFileReference; lastKnownFileType = sourcecode.swift; path = ViewController.swift; sourceTree = "<group>"; };
		17F4694D283D4AD0006E6E77 /* Base */ = {isa = PBXFileReference; lastKnownFileType = file.storyboard; name = Base; path = Base.lproj/Main.storyboard; sourceTree = "<group>"; };
		17F4694F283D4AD3006E6E77 /* Assets.xcassets */ = {isa = PBXFileReference; lastKnownFileType = folder.assetcatalog; path = Assets.xcassets; sourceTree = "<group>"; };
		17F46952283D4AD3006E6E77 /* Base */ = {isa = PBXFileReference; lastKnownFileType = file.storyboard; name = Base; path = Base.lproj/LaunchScreen.storyboard; sourceTree = "<group>"; };
		17F46954283D4AD3006E6E77 /* Info.plist */ = {isa = PBXFileReference; lastKnownFileType = text.plist.xml; path = Info.plist; sourceTree = "<group>"; };
		17F4695C283D553C006E6E77 /* OutputController.swift */ = {isa = PBXFileReference; lastKnownFileType = sourcecode.swift; path = OutputController.swift; sourceTree = "<group>"; };
/* End PBXFileReference section */

/* Begin PBXFrameworksBuildPhase section */
		17F46940283D4AD0006E6E77 /* Frameworks */ = {
			isa = PBXFrameworksBuildPhase;
			buildActionMask = 2147483647;
			files = (
			);
			runOnlyForDeploymentPostprocessing = 0;
		};
/* End PBXFrameworksBuildPhase section */

/* Begin PBXGroup section */
		1779F9D9283D5DA40026DC59 /* Model */ = {
			isa = PBXGroup;
			children = (
				1779F9D7283D5D9D0026DC59 /* BMI.swift */,
			);
			path = Model;
			sourceTree = "<group>";
		};
		17F4693A283D4AD0006E6E77 = {
			isa = PBXGroup;
			children = (
				17F46945283D4AD0006E6E77 /* App3x 7.1 BMI Calculator */,
				17F46944283D4AD0006E6E77 /* Products */,
			);
			sourceTree = "<group>";
		};
		17F46944283D4AD0006E6E77 /* Products */ = {
			isa = PBXGroup;
			children = (
				17F46943283D4AD0006E6E77 /* App3x 7.1 BMI Calculator.app */,
			);
			name = Products;
			sourceTree = "<group>";
		};
		17F46945283D4AD0006E6E77 /* App3x 7.1 BMI Calculator */ = {
			isa = PBXGroup;
			children = (
				17F46946283D4AD0006E6E77 /* AppDelegate.swift */,
				17F46948283D4AD0006E6E77 /* SceneDelegate.swift */,
				1779F9D9283D5DA40026DC59 /* Model */,
				17F4695A283D5507006E6E77 /* View */,
				17F4695B283D551A006E6E77 /* Controller */,
				17F4694F283D4AD3006E6E77 /* Assets.xcassets */,
				17F46951283D4AD3006E6E77 /* LaunchScreen.storyboard */,
				17F46954283D4AD3006E6E77 /* Info.plist */,
			);
			path = "App3x 7.1 BMI Calculator";
			sourceTree = "<group>";
		};
		17F4695A283D5507006E6E77 /* View */ = {
			isa = PBXGroup;
			children = (
				17F4694C283D4AD0006E6E77 /* Main.storyboard */,
			);
			path = View;
			sourceTree = "<group>";
		};
		17F4695B283D551A006E6E77 /* Controller */ = {
			isa = PBXGroup;
			children = (
				17F4694A283D4AD0006E6E77 /* ViewController.swift */,
				17F4695C283D553C006E6E77 /* OutputController.swift */,
			);
			path = Controller;
			sourceTree = "<group>";
		};
/* End PBXGroup section */

/* Begin PBXNativeTarget section */
		17F46942283D4AD0006E6E77 /* App3x 7.1 BMI Calculator */ = {
			isa = PBXNativeTarget;
			buildConfigurationList = 17F46957283D4AD3006E6E77 /* Build configuration list for PBXNativeTarget "App3x 7.1 BMI Calculator" */;
			buildPhases = (
				17F4693F283D4AD0006E6E77 /* Sources */,
				17F46940283D4AD0006E6E77 /* Frameworks */,
				17F46941283D4AD0006E6E77 /* Resources */,
			);
			buildRules = (
			);
			dependencies = (
			);
			name = "App3x 7.1 BMI Calculator";
			productName = "App3x 7.1 BMI Calculator";
			productReference = 17F46943283D4AD0006E6E77 /* App3x 7.1 BMI Calculator.app */;
			productType = "com.apple.product-type.application";
		};
/* End PBXNativeTarget section */

/* Begin PBXProject section */
		17F4693B283D4AD0006E6E77 /* Project object */ = {
			isa = PBXProject;
			attributes = {
				BuildIndependentTargetsInParallel = 1;
				LastSwiftUpdateCheck = 1320;
				LastUpgradeCheck = 1320;
				TargetAttributes = {
					17F46942283D4AD0006E6E77 = {
						CreatedOnToolsVersion = 13.2.1;
					};
				};
			};
			buildConfigurationList = 17F4693E283D4AD0006E6E77 /* Build configuration list for PBXProject "App3x 7.1 BMI Calculator" */;
			compatibilityVersion = "Xcode 13.0";
			developmentRegion = en;
			hasScannedForEncodings = 0;
			knownRegions = (
				en,
				Base,
			);
			mainGroup = 17F4693A283D4AD0006E6E77;
			productRefGroup = 17F46944283D4AD0006E6E77 /* Products */;
			projectDirPath = "";
			projectRoot = "";
			targets = (
				17F46942283D4AD0006E6E77 /* App3x 7.1 BMI Calculator */,
			);
		};
/* End PBXProject section */

/* Begin PBXResourcesBuildPhase section */
		17F46941283D4AD0006E6E77 /* Resources */ = {
			isa = PBXResourcesBuildPhase;
			buildActionMask = 2147483647;
			files = (
				17F46953283D4AD3006E6E77 /* LaunchScreen.storyboard in Resources */,
				17F46950283D4AD3006E6E77 /* Assets.xcassets in Resources */,
				17F4694E283D4AD0006E6E77 /* Main.storyboard in Resources */,
			);
			runOnlyForDeploymentPostprocessing = 0;
		};
/* End PBXResourcesBuildPhase section */

/* Begin PBXSourcesBuildPhase section */
		17F4693F283D4AD0006E6E77 /* Sources */ = {
			isa = PBXSourcesBuildPhase;
			buildActionMask = 2147483647;
			files = (
				1779F9D8283D5D9D0026DC59 /* BMI.swift in Sources */,
				17F4694B283D4AD0006E6E77 /* ViewController.swift in Sources */,
				17F46947283D4AD0006E6E77 /* AppDelegate.swift in Sources */,
				17F4695D283D553C006E6E77 /* OutputController.swift in Sources */,
				17F46949283D4AD0006E6E77 /* SceneDelegate.swift in Sources */,
			);
			runOnlyForDeploymentPostprocessing = 0;
		};
/* End PBXSourcesBuildPhase section */

/* Begin PBXVariantGroup section */
		17F4694C283D4AD0006E6E77 /* Main.storyboard */ = {
			isa = PBXVariantGroup;
			children = (
				17F4694D283D4AD0006E6E77 /* Base */,
			);
			name = Main.storyboard;
			sourceTree = "<group>";
		};
		17F46951283D4AD3006E6E77 /* LaunchScreen.storyboard */ = {
			isa = PBXVariantGroup;
			children = (
				17F46952283D4AD3006E6E77 /* Base */,
			);
			name = LaunchScreen.storyboard;
			sourceTree = "<group>";
		};
/* End PBXVariantGroup section */

/* Begin XCBuildConfiguration section */
		17F46955283D4AD3006E6E77 /* Debug */ = {
			isa = XCBuildConfiguration;
			buildSettings = {
				ALWAYS_SEARCH_USER_PATHS = NO;
				CLANG_ANALYZER_NONNULL = YES;
				CLANG_ANALYZER_NUMBER_OBJECT_CONVERSION = YES_AGGRESSIVE;
				CLANG_CXX_LANGUAGE_STANDARD = "gnu++17";
				CLANG_CXX_LIBRARY = "libc++";
				CLANG_ENABLE_MODULES = YES;
				CLANG_ENABLE_OBJC_ARC = YES;
				CLANG_ENABLE_OBJC_WEAK = YES;
				CLANG_WARN_BLOCK_CAPTURE_AUTORELEASING = YES;
				CLANG_WARN_BOOL_CONVERSION = YES;
				CLANG_WARN_COMMA = YES;
				CLANG_WARN_CONSTANT_CONVERSION = YES;
				CLANG_WARN_DEPRECATED_OBJC_IMPLEMENTATIONS = YES;
				CLANG_WARN_DIRECT_OBJC_ISA_USAGE = YES_ERROR;
				CLANG_WARN_DOCUMENTATION_COMMENTS = YES;
				CLANG_WARN_EMPTY_BODY = YES;
				CLANG_WARN_ENUM_CONVERSION = YES;
				CLANG_WARN_INFINITE_RECURSION = YES;
				CLANG_WARN_INT_CONVERSION = YES;
				CLANG_WARN_NON_LITERAL_NULL_CONVERSION = YES;
				CLANG_WARN_OBJC_IMPLICIT_RETAIN_SELF = YES;
				CLANG_WARN_OBJC_LITERAL_CONVERSION = YES;
				CLANG_WARN_OBJC_ROOT_CLASS = YES_ERROR;
				CLANG_WARN_QUOTED_INCLUDE_IN_FRAMEWORK_HEADER = YES;
				CLANG_WARN_RANGE_LOOP_ANALYSIS = YES;
				CLANG_WARN_STRICT_PROTOTYPES = YES;
				CLANG_WARN_SUSPICIOUS_MOVE = YES;
				CLANG_WARN_UNGUARDED_AVAILABILITY = YES_AGGRESSIVE;
				CLANG_WARN_UNREACHABLE_CODE = YES;
				CLANG_WARN__DUPLICATE_METHOD_MATCH = YES;
				COPY_PHASE_STRIP = NO;
				DEBUG_INFORMATION_FORMAT = dwarf;
				ENABLE_STRICT_OBJC_MSGSEND = YES;
				ENABLE_TESTABILITY = YES;
				GCC_C_LANGUAGE_STANDARD = gnu11;
				GCC_DYNAMIC_NO_PIC = NO;
				GCC_NO_COMMON_BLOCKS = YES;
				GCC_OPTIMIZATION_LEVEL = 0;
				GCC_PREPROCESSOR_DEFINITIONS = (
					"DEBUG=1",
					"$(inherited)",
				);
				GCC_WARN_64_TO_32_BIT_CONVERSION = YES;
				GCC_WARN_ABOUT_RETURN_TYPE = YES_ERROR;
				GCC_WARN_UNDECLARED_SELECTOR = YES;
				GCC_WARN_UNINITIALIZED_AUTOS = YES_AGGRESSIVE;
				GCC_WARN_UNUSED_FUNCTION = YES;
				GCC_WARN_UNUSED_VARIABLE = YES;
				IPHONEOS_DEPLOYMENT_TARGET = 15.2;
				MTL_ENABLE_DEBUG_INFO = INCLUDE_SOURCE;
				MTL_FAST_MATH = YES;
				ONLY_ACTIVE_ARCH = YES;
				SDKROOT = iphoneos;
				SWIFT_ACTIVE_COMPILATION_CONDITIONS = DEBUG;
				SWIFT_OPTIMIZATION_LEVEL = "-Onone";
			};
			name = Debug;
		};
		17F46956283D4AD3006E6E77 /* Release */ = {
			isa = XCBuildConfiguration;
			buildSettings = {
				ALWAYS_SEARCH_USER_PATHS = NO;
				CLANG_ANALYZER_NONNULL = YES;
				CLANG_ANALYZER_NUMBER_OBJECT_CONVERSION = YES_AGGRESSIVE;
				CLANG_CXX_LANGUAGE_STANDARD = "gnu++17";
				CLANG_CXX_LIBRARY = "libc++";
				CLANG_ENABLE_MODULES = YES;
				CLANG_ENABLE_OBJC_ARC = YES;
				CLANG_ENABLE_OBJC_WEAK = YES;
				CLANG_WARN_BLOCK_CAPTURE_AUTORELEASING = YES;
				CLANG_WARN_BOOL_CONVERSION = YES;
				CLANG_WARN_COMMA = YES;
				CLANG_WARN_CONSTANT_CONVERSION = YES;
				CLANG_WARN_DEPRECATED_OBJC_IMPLEMENTATIONS = YES;
				CLANG_WARN_DIRECT_OBJC_ISA_USAGE = YES_ERROR;
				CLANG_WARN_DOCUMENTATION_COMMENTS = YES;
				CLANG_WARN_EMPTY_BODY = YES;
				CLANG_WARN_ENUM_CONVERSION = YES;
				CLANG_WARN_INFINITE_RECURSION = YES;
				CLANG_WARN_INT_CONVERSION = YES;
				CLANG_WARN_NON_LITERAL_NULL_CONVERSION = YES;
				CLANG_WARN_OBJC_IMPLICIT_RETAIN_SELF = YES;
				CLANG_WARN_OBJC_LITERAL_CONVERSION = YES;
				CLANG_WARN_OBJC_ROOT_CLASS = YES_ERROR;
				CLANG_WARN_QUOTED_INCLUDE_IN_FRAMEWORK_HEADER = YES;
				CLANG_WARN_RANGE_LOOP_ANALYSIS = YES;
				CLANG_WARN_STRICT_PROTOTYPES = YES;
				CLANG_WARN_SUSPICIOUS_MOVE = YES;
				CLANG_WARN_UNGUARDED_AVAILABILITY = YES_AGGRESSIVE;
				CLANG_WARN_UNREACHABLE_CODE = YES;
				CLANG_WARN__DUPLICATE_METHOD_MATCH = YES;
				COPY_PHASE_STRIP = NO;
				DEBUG_INFORMATION_FORMAT = "dwarf-with-dsym";
				ENABLE_NS_ASSERTIONS = NO;
				ENABLE_STRICT_OBJC_MSGSEND = YES;
				GCC_C_LANGUAGE_STANDARD = gnu11;
				GCC_NO_COMMON_BLOCKS = YES;
				GCC_WARN_64_TO_32_BIT_CONVERSION = YES;
				GCC_WARN_ABOUT_RETURN_TYPE = YES_ERROR;
				GCC_WARN_UNDECLARED_SELECTOR = YES;
				GCC_WARN_UNINITIALIZED_AUTOS = YES_AGGRESSIVE;
				GCC_WARN_UNUSED_FUNCTION = YES;
				GCC_WARN_UNUSED_VARIABLE = YES;
				IPHONEOS_DEPLOYMENT_TARGET = 15.2;
				MTL_ENABLE_DEBUG_INFO = NO;
				MTL_FAST_MATH = YES;
				SDKROOT = iphoneos;
				SWIFT_COMPILATION_MODE = wholemodule;
				SWIFT_OPTIMIZATION_LEVEL = "-O";
				VALIDATE_PRODUCT = YES;
			};
			name = Release;
		};
		17F46958283D4AD3006E6E77 /* Debug */ = {
			isa = XCBuildConfiguration;
			buildSettings = {
				ASSETCATALOG_COMPILER_APPICON_NAME = AppIcon;
				ASSETCATALOG_COMPILER_GLOBAL_ACCENT_COLOR_NAME = AccentColor;
				CODE_SIGN_STYLE = Automatic;
				CURRENT_PROJECT_VERSION = 1;
				GENERATE_INFOPLIST_FILE = YES;
				INFOPLIST_FILE = "App3x 7.1 BMI Calculator/Info.plist";
				INFOPLIST_KEY_UIApplicationSupportsIndirectInputEvents = YES;
				INFOPLIST_KEY_UILaunchStoryboardName = LaunchScreen;
				INFOPLIST_KEY_UIMainStoryboardFile = Main;
				INFOPLIST_KEY_UISupportedInterfaceOrientations_iPad = "UIInterfaceOrientationPortrait UIInterfaceOrientationPortraitUpsideDown UIInterfaceOrientationLandscapeLeft UIInterfaceOrientationLandscapeRight";
				INFOPLIST_KEY_UISupportedInterfaceOrientations_iPhone = "UIInterfaceOrientationPortrait UIInterfaceOrientationLandscapeLeft UIInterfaceOrientationLandscapeRight";
				LD_RUNPATH_SEARCH_PATHS = (
					"$(inherited)",
					"@executable_path/Frameworks",
				);
				MARKETING_VERSION = 1.0;
				PRODUCT_BUNDLE_IDENTIFIER = "com.Marwan.App3x-7-1-BMI-Calculator";
				PRODUCT_NAME = "$(TARGET_NAME)";
				SWIFT_EMIT_LOC_STRINGS = YES;
				SWIFT_VERSION = 5.0;
				TARGETED_DEVICE_FAMILY = "1,2";
			};
			name = Debug;
		};
		17F46959283D4AD3006E6E77 /* Release */ = {
			isa = XCBuildConfiguration;
			buildSettings = {
				ASSETCATALOG_COMPILER_APPICON_NAME = AppIcon;
				ASSETCATALOG_COMPILER_GLOBAL_ACCENT_COLOR_NAME = AccentColor;
				CODE_SIGN_STYLE = Automatic;
				CURRENT_PROJECT_VERSION = 1;
				GENERATE_INFOPLIST_FILE = YES;
				INFOPLIST_FILE = "App3x 7.1 BMI Calculator/Info.plist";
				INFOPLIST_KEY_UIApplicationSupportsIndirectInputEvents = YES;
				INFOPLIST_KEY_UILaunchStoryboardName = LaunchScreen;
				INFOPLIST_KEY_UIMainStoryboardFile = Main;
				INFOPLIST_KEY_UISupportedInterfaceOrientations_iPad = "UIInterfaceOrientationPortrait UIInterfaceOrientationPortraitUpsideDown UIInterfaceOrientationLandscapeLeft UIInterfaceOrientationLandscapeRight";
				INFOPLIST_KEY_UISupportedInterfaceOrientations_iPhone = "UIInterfaceOrientationPortrait UIInterfaceOrientationLandscapeLeft UIInterfaceOrientationLandscapeRight";
				LD_RUNPATH_SEARCH_PATHS = (
					"$(inherited)",
					"@executable_path/Frameworks",
				);
				MARKETING_VERSION = 1.0;
				PRODUCT_BUNDLE_IDENTIFIER = "com.Marwan.App3x-7-1-BMI-Calculator";
				PRODUCT_NAME = "$(TARGET_NAME)";
				SWIFT_EMIT_LOC_STRINGS = YES;
				SWIFT_VERSION = 5.0;
				TARGETED_DEVICE_FAMILY = "1,2";
			};
			name = Release;
		};
/* End XCBuildConfiguration section */

/* Begin XCConfigurationList section */
		17F4693E283D4AD0006E6E77 /* Build configuration list for PBXProject "App3x 7.1 BMI Calculator" */ = {
			isa = XCConfigurationList;
			buildConfigurations = (
				17F46955283D4AD3006E6E77 /* Debug */,
				17F46956283D4AD3006E6E77 /* Release */,
			);
			defaultConfigurationIsVisible = 0;
			defaultConfigurationName = Release;
		};
		17F46957283D4AD3006E6E77 /* Build configuration list for PBXNativeTarget "App3x 7.1 BMI Calculator" */ = {
			isa = XCConfigurationList;
			buildConfigurations = (
				17F46958283D4AD3006E6E77 /* Debug */,
				17F46959283D4AD3006E6E77 /* Release */,
			);
			defaultConfigurationIsVisible = 0;
			defaultConfigurationName = Release;
		};
/* End XCConfigurationList section */
	};
	rootObject = 17F4693B283D4AD0006E6E77 /* Project object */;
}
